
Microsoft Visual Studio Solution File, Format Version 12.00
# Visual Studio Version 16
VisualStudioVersion = 16.0.31424.327
MinimumVisualStudioVersion = 10.0.40219.1
Project("{FAE04EC0-301F-11D3-BF4B-00C04F79EFBC}") = "HyperLogLog", "HyperLogLog\HyperLogLog.csproj", "{598E909C-6AF2-4F82-AA94-D01BE7DC4A13}"
EndProject
Global
	GlobalSection(SolutionConfigurationPlatforms) = preSolution
		Debug|Any CPU = Debug|Any CPU
		Release|Any CPU = Release|Any CPU
	EndGlobalSection
	GlobalSection(ProjectConfigurationPlatforms) = postSolution
		{598E909C-6AF2-4F82-AA94-D01BE7DC4A13}.Debug|Any CPU.ActiveCfg = Debug|Any CPU
		{598E909C-6AF2-4F82-AA94-D01BE7DC4A13}.Debug|Any CPU.Build.0 = Debug|Any CPU
		{598E909C-6AF2-4F82-AA94-D01BE7DC4A13}.Release|Any CPU.ActiveCfg = Release|Any CPU
		{598E909C-6AF2-4F82-AA94-D01BE7DC4A13}.Release|Any CPU.Build.0 = Release|Any CPU
	EndGlobalSection
	GlobalSection(SolutionProperties) = preSolution
		HideSolutionNode = FALSE
	EndGlobalSection
	GlobalSection(ExtensibilityGlobals) = postSolution
		SolutionGuid = {8391CF38-E8B3-4EF9-A57E-0C37801A41B5}
	EndGlobalSection
EndGlobal
